
Microsoft Visual Studio Solution File, Format Version 12.00
# Visual Studio 15
VisualStudioVersion = 15.0.26730.12
MinimumVisualStudioVersion = 10.0.40219.1
Project("{FAE04EC0-301F-11D3-BF4B-00C04F79EFBC}") = "DogsVsCatsWeb", "DogsVsCatsWeb\DogsVsCatsWeb.csproj", "{0E4644DC-0C2F-41AB-A56C-0BD793CE445C}"
EndProject
Global
	GlobalSection(SolutionConfigurationPlatforms) = preSolution
		Debug|Any CPU = Debug|Any CPU
		Release|Any CPU = Release|Any CPU
	EndGlobalSection
	GlobalSection(ProjectConfigurationPlatforms) = postSolution
		{0E4644DC-0C2F-41AB-A56C-0BD793CE445C}.Debug|Any CPU.ActiveCfg = Debug|Any CPU
		{0E4644DC-0C2F-41AB-A56C-0BD793CE445C}.Debug|Any CPU.Build.0 = Debug|Any CPU
		{0E4644DC-0C2F-41AB-A56C-0BD793CE445C}.Release|Any CPU.ActiveCfg = Release|Any CPU
		{0E4644DC-0C2F-41AB-A56C-0BD793CE445C}.Release|Any CPU.Build.0 = Release|Any CPU
	EndGlobalSection
	GlobalSection(SolutionProperties) = preSolution
		HideSolutionNode = FALSE
	EndGlobalSection
	GlobalSection(ExtensibilityGlobals) = postSolution
		SolutionGuid = {8FFAE305-950A-4F2F-9774-1FEF753A5059}
	EndGlobalSection
EndGlobal
